
Microsoft Visual Studio Solution File, Format Version 12.00
# Visual Studio Version 16
VisualStudioVersion = 16.0.31005.135
MinimumVisualStudioVersion = 10.0.40219.1
Project("{FAE04EC0-301F-11D3-BF4B-00C04F79EFBC}") = "tree1", "tree1\tree1.csproj", "{475898F6-6AED-4714-842A-77DCB57EA61F}"
EndProject
Global
	GlobalSection(SolutionConfigurationPlatforms) = preSolution
		Debug|Any CPU = Debug|Any CPU
		Release|Any CPU = Release|Any CPU
	EndGlobalSection
	GlobalSection(ProjectConfigurationPlatforms) = postSolution
		{475898F6-6AED-4714-842A-77DCB57EA61F}.Debug|Any CPU.ActiveCfg = Debug|Any CPU
		{475898F6-6AED-4714-842A-77DCB57EA61F}.Debug|Any CPU.Build.0 = Debug|Any CPU
		{475898F6-6AED-4714-842A-77DCB57EA61F}.Release|Any CPU.ActiveCfg = Release|Any CPU
		{475898F6-6AED-4714-842A-77DCB57EA61F}.Release|Any CPU.Build.0 = Release|Any CPU
	EndGlobalSection
	GlobalSection(SolutionProperties) = preSolution
		HideSolutionNode = FALSE
	EndGlobalSection
	GlobalSection(ExtensibilityGlobals) = postSolution
		SolutionGuid = {A8A0ADEB-29F5-48BD-9BEF-19ED224E8CFB}
	EndGlobalSection
EndGlobal
